
Microsoft Visual Studio Solution File, Format Version 12.00
# Visual Studio Version 17
VisualStudioVersion = 17.5.002.0
MinimumVisualStudioVersion = 10.0.40219.1
Project("{9A19103F-16F7-4668-BE54-9A1E7A4F7556}") = "api", "api\api.csproj", "{A6C38651-640A-4FD9-8CC3-609418D66CC0}"
EndProject
Global
	GlobalSection(SolutionConfigurationPlatforms) = preSolution
		Debug|Any CPU = Debug|Any CPU
		Release|Any CPU = Release|Any CPU
	EndGlobalSection
	GlobalSection(ProjectConfigurationPlatforms) = postSolution
		{A6C38651-640A-4FD9-8CC3-609418D66CC0}.Debug|Any CPU.ActiveCfg = Debug|Any CPU
		{A6C38651-640A-4FD9-8CC3-609418D66CC0}.Debug|Any CPU.Build.0 = Debug|Any CPU
		{A6C38651-640A-4FD9-8CC3-609418D66CC0}.Release|Any CPU.ActiveCfg = Release|Any CPU
		{A6C38651-640A-4FD9-8CC3-609418D66CC0}.Release|Any CPU.Build.0 = Release|Any CPU
	EndGlobalSection
	GlobalSection(SolutionProperties) = preSolution
		HideSolutionNode = FALSE
	EndGlobalSection
	GlobalSection(ExtensibilityGlobals) = postSolution
		SolutionGuid = {90A12113-1EC8-4FF8-A5A2-A45B33C525AF}
	EndGlobalSection
EndGlobal
