
Microsoft Visual Studio Solution File, Format Version 12.00
# Visual Studio Version 17
VisualStudioVersion = 17.5.002.0
MinimumVisualStudioVersion = 10.0.40219.1
Project("{9A19103F-16F7-4668-BE54-9A1E7A4F7556}") = "api", "api.csproj", "{DEAC61F1-F411-4D5A-A7A6-1F934593AF7E}"
EndProject
Global
	GlobalSection(SolutionConfigurationPlatforms) = preSolution
		Debug|Any CPU = Debug|Any CPU
		Release|Any CPU = Release|Any CPU
	EndGlobalSection
	GlobalSection(ProjectConfigurationPlatforms) = postSolution
		{DEAC61F1-F411-4D5A-A7A6-1F934593AF7E}.Debug|Any CPU.ActiveCfg = Debug|Any CPU
		{DEAC61F1-F411-4D5A-A7A6-1F934593AF7E}.Debug|Any CPU.Build.0 = Debug|Any CPU
		{DEAC61F1-F411-4D5A-A7A6-1F934593AF7E}.Release|Any CPU.ActiveCfg = Release|Any CPU
		{DEAC61F1-F411-4D5A-A7A6-1F934593AF7E}.Release|Any CPU.Build.0 = Release|Any CPU
	EndGlobalSection
	GlobalSection(SolutionProperties) = preSolution
		HideSolutionNode = FALSE
	EndGlobalSection
	GlobalSection(ExtensibilityGlobals) = postSolution
		SolutionGuid = {A55E2999-64F9-4895-A094-CDB5E5500569}
	EndGlobalSection
EndGlobal
